
Microsoft Visual Studio Solution File, Format Version 12.00
# Visual Studio Version 16
VisualStudioVersion = 16.0.29102.190
MinimumVisualStudioVersion = 10.0.40219.1
Project("{FAE04EC0-301F-11D3-BF4B-00C04F79EFBC}") = "Log4Pro.IS.TRM.DAL", "Log4Pro.DAL\Log4Pro.IS.TRM.DAL.csproj", "{D917FB19-B294-43D9-A3A1-C562E1E21901}"
EndProject
Project("{FAE04EC0-301F-11D3-BF4B-00C04F79EFBC}") = "Log4Pro.IS.TRM", "Log4Pro.IS.TRM\Log4Pro.IS.TRM.csproj", "{C4723F1D-736A-4750-AC00-C0767D7B781F}"
EndProject
Project("{FAE04EC0-301F-11D3-BF4B-00C04F79EFBC}") = "Log4Pro.IS.TRM.EventHubContract", "TRM.EventHubContract\Log4Pro.IS.TRM.EventHubContract.csproj", "{26734FC3-D03D-4B91-A295-70CCD1903B0F}"
EndProject
Project("{FAE04EC0-301F-11D3-BF4B-00C04F79EFBC}") = "UnitTests", "UnitTests\UnitTests.csproj", "{609243D0-161F-42C0-9FA7-6F829E572866}"
EndProject
Global
	GlobalSection(SolutionConfigurationPlatforms) = preSolution
		Debug|Any CPU = Debug|Any CPU
		Release|Any CPU = Release|Any CPU
	EndGlobalSection
	GlobalSection(ProjectConfigurationPlatforms) = postSolution
		{D917FB19-B294-43D9-A3A1-C562E1E21901}.Debug|Any CPU.ActiveCfg = Debug|Any CPU
		{D917FB19-B294-43D9-A3A1-C562E1E21901}.Debug|Any CPU.Build.0 = Debug|Any CPU
		{D917FB19-B294-43D9-A3A1-C562E1E21901}.Release|Any CPU.ActiveCfg = Release|Any CPU
		{D917FB19-B294-43D9-A3A1-C562E1E21901}.Release|Any CPU.Build.0 = Release|Any CPU
		{C4723F1D-736A-4750-AC00-C0767D7B781F}.Debug|Any CPU.ActiveCfg = Debug|Any CPU
		{C4723F1D-736A-4750-AC00-C0767D7B781F}.Debug|Any CPU.Build.0 = Debug|Any CPU
		{C4723F1D-736A-4750-AC00-C0767D7B781F}.Release|Any CPU.ActiveCfg = Release|Any CPU
		{C4723F1D-736A-4750-AC00-C0767D7B781F}.Release|Any CPU.Build.0 = Release|Any CPU
		{26734FC3-D03D-4B91-A295-70CCD1903B0F}.Debug|Any CPU.ActiveCfg = Debug|Any CPU
		{26734FC3-D03D-4B91-A295-70CCD1903B0F}.Debug|Any CPU.Build.0 = Debug|Any CPU
		{26734FC3-D03D-4B91-A295-70CCD1903B0F}.Release|Any CPU.ActiveCfg = Release|Any CPU
		{26734FC3-D03D-4B91-A295-70CCD1903B0F}.Release|Any CPU.Build.0 = Release|Any CPU
		{609243D0-161F-42C0-9FA7-6F829E572866}.Debug|Any CPU.ActiveCfg = Debug|Any CPU
		{609243D0-161F-42C0-9FA7-6F829E572866}.Debug|Any CPU.Build.0 = Debug|Any CPU
		{609243D0-161F-42C0-9FA7-6F829E572866}.Release|Any CPU.ActiveCfg = Release|Any CPU
		{609243D0-161F-42C0-9FA7-6F829E572866}.Release|Any CPU.Build.0 = Release|Any CPU
	EndGlobalSection
	GlobalSection(SolutionProperties) = preSolution
		HideSolutionNode = FALSE
	EndGlobalSection
	GlobalSection(ExtensibilityGlobals) = postSolution
		SolutionGuid = {CBE035C5-08A3-4A40-ADA4-ECA217902C7D}
	EndGlobalSection
EndGlobal
